
Microsoft Visual Studio Solution File, Format Version 12.00
# Visual Studio Version 17
VisualStudioVersion = 17.7.34221.43
MinimumVisualStudioVersion = 10.0.40219.1
Project("{FAE04EC0-301F-11D3-BF4B-00C04F79EFBC}") = "Queueing items", "Queueing items\Queueing items.csproj", "{4BBB2E6E-FD01-45B2-838A-4C72AD8558E6}"
EndProject
Global
	GlobalSection(SolutionConfigurationPlatforms) = preSolution
		Debug|Any CPU = Debug|Any CPU
		Release|Any CPU = Release|Any CPU
	EndGlobalSection
	GlobalSection(ProjectConfigurationPlatforms) = postSolution
		{4BBB2E6E-FD01-45B2-838A-4C72AD8558E6}.Debug|Any CPU.ActiveCfg = Debug|Any CPU
		{4BBB2E6E-FD01-45B2-838A-4C72AD8558E6}.Debug|Any CPU.Build.0 = Debug|Any CPU
		{4BBB2E6E-FD01-45B2-838A-4C72AD8558E6}.Release|Any CPU.ActiveCfg = Release|Any CPU
		{4BBB2E6E-FD01-45B2-838A-4C72AD8558E6}.Release|Any CPU.Build.0 = Release|Any CPU
	EndGlobalSection
	GlobalSection(SolutionProperties) = preSolution
		HideSolutionNode = FALSE
	EndGlobalSection
	GlobalSection(ExtensibilityGlobals) = postSolution
		SolutionGuid = {D54D9A01-08C3-4B00-8D15-4BD17CA6DD4F}
	EndGlobalSection
EndGlobal
